
Microsoft Visual Studio Solution File, Format Version 12.00
# Visual Studio Version 16
VisualStudioVersion = 16.0.29709.97
MinimumVisualStudioVersion = 10.0.40219.1
Project("{FAE04EC0-301F-11D3-BF4B-00C04F79EFBC}") = "TrashCollection", "TrashCollection\TrashCollection.csproj", "{EC6E2588-FFFF-4A66-BAF3-80EAEFA46109}"
EndProject
Global
	GlobalSection(SolutionConfigurationPlatforms) = preSolution
		Debug|Any CPU = Debug|Any CPU
		Release|Any CPU = Release|Any CPU
	EndGlobalSection
	GlobalSection(ProjectConfigurationPlatforms) = postSolution
		{EC6E2588-FFFF-4A66-BAF3-80EAEFA46109}.Debug|Any CPU.ActiveCfg = Debug|Any CPU
		{EC6E2588-FFFF-4A66-BAF3-80EAEFA46109}.Debug|Any CPU.Build.0 = Debug|Any CPU
		{EC6E2588-FFFF-4A66-BAF3-80EAEFA46109}.Release|Any CPU.ActiveCfg = Release|Any CPU
		{EC6E2588-FFFF-4A66-BAF3-80EAEFA46109}.Release|Any CPU.Build.0 = Release|Any CPU
	EndGlobalSection
	GlobalSection(SolutionProperties) = preSolution
		HideSolutionNode = FALSE
	EndGlobalSection
	GlobalSection(ExtensibilityGlobals) = postSolution
		SolutionGuid = {8BD0ECFC-709C-401B-A9DA-2705B1F6D958}
	EndGlobalSection
EndGlobal
